// !$*UTF8*$!
{
	archiveVersion = 1;
	classes = {
	};
	objectVersion = 55;
	objects = {

/* Begin PBXBuildFile section */
		470F9D89282D20BC00BD88B7 /* WeatherApplicationApp.swift in Sources */ = {isa = PBXBuildFile; fileRef = 470F9D88282D20BC00BD88B7 /* WeatherApplicationApp.swift */; };
		470F9D8B282D20BC00BD88B7 /* WeatherView.swift in Sources */ = {isa = PBXBuildFile; fileRef = 470F9D8A282D20BC00BD88B7 /* WeatherView.swift */; };
		470F9D8D282D20BD00BD88B7 /* Assets.xcassets in Resources */ = {isa = PBXBuildFile; fileRef = 470F9D8C282D20BD00BD88B7 /* Assets.xcassets */; };
		470F9D90282D20BD00BD88B7 /* Preview Assets.xcassets in Resources */ = {isa = PBXBuildFile; fileRef = 470F9D8F282D20BD00BD88B7 /* Preview Assets.xcassets */; };
		470F9D9A282D3A6600BD88B7 /* API.swift in Sources */ = {isa = PBXBuildFile; fileRef = 470F9D99282D3A6600BD88B7 /* API.swift */; };
		477EBE06282DBC6200E5D24F /* DetailWeatherView.swift in Sources */ = {isa = PBXBuildFile; fileRef = 477EBE05282DBC6200E5D24F /* DetailWeatherView.swift */; };
		477EBE08282DBEA900E5D24F /* FiveDayView.swift in Sources */ = {isa = PBXBuildFile; fileRef = 477EBE07282DBEA900E5D24F /* FiveDayView.swift */; };
		47DA5D3B283845CE00B13E66 /* ForecastingDays.swift in Sources */ = {isa = PBXBuildFile; fileRef = 47DA5D3A283845CE00B13E66 /* ForecastingDays.swift */; };
/* End PBXBuildFile section */

/* Begin PBXFileReference section */
		470F9D85282D20BC00BD88B7 /* WeatherApplication.app */ = {isa = PBXFileReference; explicitFileType = wrapper.application; includeInIndex = 0; path = WeatherApplication.app; sourceTree = BUILT_PRODUCTS_DIR; };
		470F9D88282D20BC00BD88B7 /* WeatherApplicationApp.swift */ = {isa = PBXFileReference; lastKnownFileType = sourcecode.swift; path = WeatherApplicationApp.swift; sourceTree = "<group>"; };
		470F9D8A282D20BC00BD88B7 /* WeatherView.swift */ = {isa = PBXFileReference; lastKnownFileType = sourcecode.swift; path = WeatherView.swift; sourceTree = "<group>"; };
		470F9D8C282D20BD00BD88B7 /* Assets.xcassets */ = {isa = PBXFileReference; lastKnownFileType = folder.assetcatalog; path = Assets.xcassets; sourceTree = "<group>"; };
		470F9D8F282D20BD00BD88B7 /* Preview Assets.xcassets */ = {isa = PBXFileReference; lastKnownFileType = folder.assetcatalog; path = "Preview Assets.xcassets"; sourceTree = "<group>"; };
		470F9D99282D3A6600BD88B7 /* API.swift */ = {isa = PBXFileReference; lastKnownFileType = sourcecode.swift; path = API.swift; sourceTree = "<group>"; };
		477EBE05282DBC6200E5D24F /* DetailWeatherView.swift */ = {isa = PBXFileReference; lastKnownFileType = sourcecode.swift; path = DetailWeatherView.swift; sourceTree = "<group>"; };
		477EBE07282DBEA900E5D24F /* FiveDayView.swift */ = {isa = PBXFileReference; lastKnownFileType = sourcecode.swift; path = FiveDayView.swift; sourceTree = "<group>"; };
		47DA5D3A283845CE00B13E66 /* ForecastingDays.swift */ = {isa = PBXFileReference; lastKnownFileType = sourcecode.swift; path = ForecastingDays.swift; sourceTree = "<group>"; };
/* End PBXFileReference section */

/* Begin PBXFrameworksBuildPhase section */
		470F9D82282D20BC00BD88B7 /* Frameworks */ = {
			isa = PBXFrameworksBuildPhase;
			buildActionMask = 2147483647;
			files = (
			);
			runOnlyForDeploymentPostprocessing = 0;
		};
/* End PBXFrameworksBuildPhase section */

/* Begin PBXGroup section */
		470F9D7C282D20BC00BD88B7 = {
			isa = PBXGroup;
			children = (
				470F9D87282D20BC00BD88B7 /* WeatherApplication */,
				470F9D86282D20BC00BD88B7 /* Products */,
			);
			sourceTree = "<group>";
		};
		470F9D86282D20BC00BD88B7 /* Products */ = {
			isa = PBXGroup;
			children = (
				470F9D85282D20BC00BD88B7 /* WeatherApplication.app */,
			);
			name = Products;
			sourceTree = "<group>";
		};
		470F9D87282D20BC00BD88B7 /* WeatherApplication */ = {
			isa = PBXGroup;
			children = (
				471896D82831C16300319063 /* Views */,
				470F9D98282D3A3000BD88B7 /* WeatherAppModels */,
				470F9D88282D20BC00BD88B7 /* WeatherApplicationApp.swift */,
				470F9D8E282D20BD00BD88B7 /* Preview Content */,
				470F9D8C282D20BD00BD88B7 /* Assets.xcassets */,
			);
			path = WeatherApplication;
			sourceTree = "<group>";
		};
		470F9D8E282D20BD00BD88B7 /* Preview Content */ = {
			isa = PBXGroup;
			children = (
				470F9D8F282D20BD00BD88B7 /* Preview Assets.xcassets */,
			);
			path = "Preview Content";
			sourceTree = "<group>";
		};
		470F9D98282D3A3000BD88B7 /* WeatherAppModels */ = {
			isa = PBXGroup;
			children = (
				470F9D99282D3A6600BD88B7 /* API.swift */,
				47DA5D3A283845CE00B13E66 /* ForecastingDays.swift */,
			);
			path = WeatherAppModels;
			sourceTree = "<group>";
		};
		471896D82831C16300319063 /* Views */ = {
			isa = PBXGroup;
			children = (
				470F9D8A282D20BC00BD88B7 /* WeatherView.swift */,
				477EBE05282DBC6200E5D24F /* DetailWeatherView.swift */,
				477EBE07282DBEA900E5D24F /* FiveDayView.swift */,
			);
			path = Views;
			sourceTree = "<group>";
		};
/* End PBXGroup section */

/* Begin PBXNativeTarget section */
		470F9D84282D20BC00BD88B7 /* WeatherApplication */ = {
			isa = PBXNativeTarget;
			buildConfigurationList = 470F9D93282D20BD00BD88B7 /* Build configuration list for PBXNativeTarget "WeatherApplication" */;
			buildPhases = (
				470F9D81282D20BC00BD88B7 /* Sources */,
				470F9D82282D20BC00BD88B7 /* Frameworks */,
				470F9D83282D20BC00BD88B7 /* Resources */,
			);
			buildRules = (
			);
			dependencies = (
			);
			name = WeatherApplication;
			productName = WeatherApplication;
			productReference = 470F9D85282D20BC00BD88B7 /* WeatherApplication.app */;
			productType = "com.apple.product-type.application";
		};
/* End PBXNativeTarget section */

/* Begin PBXProject section */
		470F9D7D282D20BC00BD88B7 /* Project object */ = {
			isa = PBXProject;
			attributes = {
				BuildIndependentTargetsInParallel = 1;
				LastSwiftUpdateCheck = 1320;
				LastUpgradeCheck = 1320;
				TargetAttributes = {
					470F9D84282D20BC00BD88B7 = {
						CreatedOnToolsVersion = 13.2.1;
					};
				};
			};
			buildConfigurationList = 470F9D80282D20BC00BD88B7 /* Build configuration list for PBXProject "WeatherApplication" */;
			compatibilityVersion = "Xcode 13.0";
			developmentRegion = en;
			hasScannedForEncodings = 0;
			knownRegions = (
				en,
				Base,
			);
			mainGroup = 470F9D7C282D20BC00BD88B7;
			productRefGroup = 470F9D86282D20BC00BD88B7 /* Products */;
			projectDirPath = "";
			projectRoot = "";
			targets = (
				470F9D84282D20BC00BD88B7 /* WeatherApplication */,
			);
		};
/* End PBXProject section */

/* Begin PBXResourcesBuildPhase section */
		470F9D83282D20BC00BD88B7 /* Resources */ = {
			isa = PBXResourcesBuildPhase;
			buildActionMask = 2147483647;
			files = (
				470F9D90282D20BD00BD88B7 /* Preview Assets.xcassets in Resources */,
				470F9D8D282D20BD00BD88B7 /* Assets.xcassets in Resources */,
			);
			runOnlyForDeploymentPostprocessing = 0;
		};
/* End PBXResourcesBuildPhase section */

/* Begin PBXSourcesBuildPhase section */
		470F9D81282D20BC00BD88B7 /* Sources */ = {
			isa = PBXSourcesBuildPhase;
			buildActionMask = 2147483647;
			files = (
				470F9D8B282D20BC00BD88B7 /* WeatherView.swift in Sources */,
				477EBE06282DBC6200E5D24F /* DetailWeatherView.swift in Sources */,
				477EBE08282DBEA900E5D24F /* FiveDayView.swift in Sources */,
				47DA5D3B283845CE00B13E66 /* ForecastingDays.swift in Sources */,
				470F9D9A282D3A6600BD88B7 /* API.swift in Sources */,
				470F9D89282D20BC00BD88B7 /* WeatherApplicationApp.swift in Sources */,
			);
			runOnlyForDeploymentPostprocessing = 0;
		};
/* End PBXSourcesBuildPhase section */

/* Begin XCBuildConfiguration section */
		470F9D91282D20BD00BD88B7 /* Debug */ = {
			isa = XCBuildConfiguration;
			buildSettings = {
				ALWAYS_SEARCH_USER_PATHS = NO;
				CLANG_ANALYZER_NONNULL = YES;
				CLANG_ANALYZER_NUMBER_OBJECT_CONVERSION = YES_AGGRESSIVE;
				CLANG_CXX_LANGUAGE_STANDARD = "gnu++17";
				CLANG_CXX_LIBRARY = "libc++";
				CLANG_ENABLE_MODULES = YES;
				CLANG_ENABLE_OBJC_ARC = YES;
				CLANG_ENABLE_OBJC_WEAK = YES;
				CLANG_WARN_BLOCK_CAPTURE_AUTORELEASING = YES;
				CLANG_WARN_BOOL_CONVERSION = YES;
				CLANG_WARN_COMMA = YES;
				CLANG_WARN_CONSTANT_CONVERSION = YES;
				CLANG_WARN_DEPRECATED_OBJC_IMPLEMENTATIONS = YES;
				CLANG_WARN_DIRECT_OBJC_ISA_USAGE = YES_ERROR;
				CLANG_WARN_DOCUMENTATION_COMMENTS = YES;
				CLANG_WARN_EMPTY_BODY = YES;
				CLANG_WARN_ENUM_CONVERSION = YES;
				CLANG_WARN_INFINITE_RECURSION = YES;
				CLANG_WARN_INT_CONVERSION = YES;
				CLANG_WARN_NON_LITERAL_NULL_CONVERSION = YES;
				CLANG_WARN_OBJC_IMPLICIT_RETAIN_SELF = YES;
				CLANG_WARN_OBJC_LITERAL_CONVERSION = YES;
				CLANG_WARN_OBJC_ROOT_CLASS = YES_ERROR;
				CLANG_WARN_QUOTED_INCLUDE_IN_FRAMEWORK_HEADER = YES;
				CLANG_WARN_RANGE_LOOP_ANALYSIS = YES;
				CLANG_WARN_STRICT_PROTOTYPES = YES;
				CLANG_WARN_SUSPICIOUS_MOVE = YES;
				CLANG_WARN_UNGUARDED_AVAILABILITY = YES_AGGRESSIVE;
				CLANG_WARN_UNREACHABLE_CODE = YES;
				CLANG_WARN__DUPLICATE_METHOD_MATCH = YES;
				COPY_PHASE_STRIP = NO;
				DEBUG_INFORMATION_FORMAT = dwarf;
				ENABLE_STRICT_OBJC_MSGSEND = YES;
				ENABLE_TESTABILITY = YES;
				GCC_C_LANGUAGE_STANDARD = gnu11;
				GCC_DYNAMIC_NO_PIC = NO;
				GCC_NO_COMMON_BLOCKS = YES;
				GCC_OPTIMIZATION_LEVEL = 0;
				GCC_PREPROCESSOR_DEFINITIONS = (
					"DEBUG=1",
					"$(inherited)",
				);
				GCC_WARN_64_TO_32_BIT_CONVERSION = YES;
				GCC_WARN_ABOUT_RETURN_TYPE = YES_ERROR;
				GCC_WARN_UNDECLARED_SELECTOR = YES;
				GCC_WARN_UNINITIALIZED_AUTOS = YES_AGGRESSIVE;
				GCC_WARN_UNUSED_FUNCTION = YES;
				GCC_WARN_UNUSED_VARIABLE = YES;
				IPHONEOS_DEPLOYMENT_TARGET = 15.2;
				MTL_ENABLE_DEBUG_INFO = INCLUDE_SOURCE;
				MTL_FAST_MATH = YES;
				ONLY_ACTIVE_ARCH = YES;
				SDKROOT = iphoneos;
				SWIFT_ACTIVE_COMPILATION_CONDITIONS = DEBUG;
				SWIFT_OPTIMIZATION_LEVEL = "-Onone";
			};
			name = Debug;
		};
		470F9D92282D20BD00BD88B7 /* Release */ = {
			isa = XCBuildConfiguration;
			buildSettings = {
				ALWAYS_SEARCH_USER_PATHS = NO;
				CLANG_ANALYZER_NONNULL = YES;
				CLANG_ANALYZER_NUMBER_OBJECT_CONVERSION = YES_AGGRESSIVE;
				CLANG_CXX_LANGUAGE_STANDARD = "gnu++17";
				CLANG_CXX_LIBRARY = "libc++";
				CLANG_ENABLE_MODULES = YES;
				CLANG_ENABLE_OBJC_ARC = YES;
				CLANG_ENABLE_OBJC_WEAK = YES;
				CLANG_WARN_BLOCK_CAPTURE_AUTORELEASING = YES;
				CLANG_WARN_BOOL_CONVERSION = YES;
				CLANG_WARN_COMMA = YES;
				CLANG_WARN_CONSTANT_CONVERSION = YES;
				CLANG_WARN_DEPRECATED_OBJC_IMPLEMENTATIONS = YES;
				CLANG_WARN_DIRECT_OBJC_ISA_USAGE = YES_ERROR;
				CLANG_WARN_DOCUMENTATION_COMMENTS = YES;
				CLANG_WARN_EMPTY_BODY = YES;
				CLANG_WARN_ENUM_CONVERSION = YES;
				CLANG_WARN_INFINITE_RECURSION = YES;
				CLANG_WARN_INT_CONVERSION = YES;
				CLANG_WARN_NON_LITERAL_NULL_CONVERSION = YES;
				CLANG_WARN_OBJC_IMPLICIT_RETAIN_SELF = YES;
				CLANG_WARN_OBJC_LITERAL_CONVERSION = YES;
				CLANG_WARN_OBJC_ROOT_CLASS = YES_ERROR;
				CLANG_WARN_QUOTED_INCLUDE_IN_FRAMEWORK_HEADER = YES;
				CLANG_WARN_RANGE_LOOP_ANALYSIS = YES;
				CLANG_WARN_STRICT_PROTOTYPES = YES;
				CLANG_WARN_SUSPICIOUS_MOVE = YES;
				CLANG_WARN_UNGUARDED_AVAILABILITY = YES_AGGRESSIVE;
				CLANG_WARN_UNREACHABLE_CODE = YES;
				CLANG_WARN__DUPLICATE_METHOD_MATCH = YES;
				COPY_PHASE_STRIP = NO;
				DEBUG_INFORMATION_FORMAT = "dwarf-with-dsym";
				ENABLE_NS_ASSERTIONS = NO;
				ENABLE_STRICT_OBJC_MSGSEND = YES;
				GCC_C_LANGUAGE_STANDARD = gnu11;
				GCC_NO_COMMON_BLOCKS = YES;
				GCC_WARN_64_TO_32_BIT_CONVERSION = YES;
				GCC_WARN_ABOUT_RETURN_TYPE = YES_ERROR;
				GCC_WARN_UNDECLARED_SELECTOR = YES;
				GCC_WARN_UNINITIALIZED_AUTOS = YES_AGGRESSIVE;
				GCC_WARN_UNUSED_FUNCTION = YES;
				GCC_WARN_UNUSED_VARIABLE = YES;
				IPHONEOS_DEPLOYMENT_TARGET = 15.2;
				MTL_ENABLE_DEBUG_INFO = NO;
				MTL_FAST_MATH = YES;
				SDKROOT = iphoneos;
				SWIFT_COMPILATION_MODE = wholemodule;
				SWIFT_OPTIMIZATION_LEVEL = "-O";
				VALIDATE_PRODUCT = YES;
			};
			name = Release;
		};
		470F9D94282D20BD00BD88B7 /* Debug */ = {
			isa = XCBuildConfiguration;
			buildSettings = {
				ASSETCATALOG_COMPILER_APPICON_NAME = AppIcon;
				ASSETCATALOG_COMPILER_GLOBAL_ACCENT_COLOR_NAME = AccentColor;
				CODE_SIGN_STYLE = Automatic;
				CURRENT_PROJECT_VERSION = 1;
				DEVELOPMENT_ASSET_PATHS = "\"WeatherApplication/Preview Content\"";
				ENABLE_PREVIEWS = YES;
				GENERATE_INFOPLIST_FILE = YES;
				INFOPLIST_KEY_UIApplicationSceneManifest_Generation = YES;
				INFOPLIST_KEY_UIApplicationSupportsIndirectInputEvents = YES;
				INFOPLIST_KEY_UILaunchScreen_Generation = YES;
				INFOPLIST_KEY_UISupportedInterfaceOrientations_iPad = "UIInterfaceOrientationPortrait UIInterfaceOrientationPortraitUpsideDown UIInterfaceOrientationLandscapeLeft UIInterfaceOrientationLandscapeRight";
				INFOPLIST_KEY_UISupportedInterfaceOrientations_iPhone = "UIInterfaceOrientationPortrait UIInterfaceOrientationLandscapeLeft UIInterfaceOrientationLandscapeRight";
				LD_RUNPATH_SEARCH_PATHS = (
					"$(inherited)",
					"@executable_path/Frameworks",
				);
				MARKETING_VERSION = 1.0;
				PRODUCT_BUNDLE_IDENTIFIER = w1727389.WeatherApplication;
				PRODUCT_NAME = "$(TARGET_NAME)";
				SWIFT_EMIT_LOC_STRINGS = YES;
				SWIFT_VERSION = 5.0;
				TARGETED_DEVICE_FAMILY = 1;
			};
			name = Debug;
		};
		470F9D95282D20BD00BD88B7 /* Release */ = {
			isa = XCBuildConfiguration;
			buildSettings = {
				ASSETCATALOG_COMPILER_APPICON_NAME = AppIcon;
				ASSETCATALOG_COMPILER_GLOBAL_ACCENT_COLOR_NAME = AccentColor;
				CODE_SIGN_STYLE = Automatic;
				CURRENT_PROJECT_VERSION = 1;
				DEVELOPMENT_ASSET_PATHS = "\"WeatherApplication/Preview Content\"";
				ENABLE_PREVIEWS = YES;
				GENERATE_INFOPLIST_FILE = YES;
				INFOPLIST_KEY_UIApplicationSceneManifest_Generation = YES;
				INFOPLIST_KEY_UIApplicationSupportsIndirectInputEvents = YES;
				INFOPLIST_KEY_UILaunchScreen_Generation = YES;
				INFOPLIST_KEY_UISupportedInterfaceOrientations_iPad = "UIInterfaceOrientationPortrait UIInterfaceOrientationPortraitUpsideDown UIInterfaceOrientationLandscapeLeft UIInterfaceOrientationLandscapeRight";
				INFOPLIST_KEY_UISupportedInterfaceOrientations_iPhone = "UIInterfaceOrientationPortrait UIInterfaceOrientationLandscapeLeft UIInterfaceOrientationLandscapeRight";
				LD_RUNPATH_SEARCH_PATHS = (
					"$(inherited)",
					"@executable_path/Frameworks",
				);
				MARKETING_VERSION = 1.0;
				PRODUCT_BUNDLE_IDENTIFIER = w1727389.WeatherApplication;
				PRODUCT_NAME = "$(TARGET_NAME)";
				SWIFT_EMIT_LOC_STRINGS = YES;
				SWIFT_VERSION = 5.0;
				TARGETED_DEVICE_FAMILY = 1;
			};
			name = Release;
		};
/* End XCBuildConfiguration section */

/* Begin XCConfigurationList section */
		470F9D80282D20BC00BD88B7 /* Build configuration list for PBXProject "WeatherApplication" */ = {
			isa = XCConfigurationList;
			buildConfigurations = (
				470F9D91282D20BD00BD88B7 /* Debug */,
				470F9D92282D20BD00BD88B7 /* Release */,
			);
			defaultConfigurationIsVisible = 0;
			defaultConfigurationName = Release;
		};
		470F9D93282D20BD00BD88B7 /* Build configuration list for PBXNativeTarget "WeatherApplication" */ = {
			isa = XCConfigurationList;
			buildConfigurations = (
				470F9D94282D20BD00BD88B7 /* Debug */,
				470F9D95282D20BD00BD88B7 /* Release */,
			);
			defaultConfigurationIsVisible = 0;
			defaultConfigurationName = Release;
		};
/* End XCConfigurationList section */
	};
	rootObject = 470F9D7D282D20BC00BD88B7 /* Project object */;
}
